<?xml version="1.0" encoding="utf-8"?>
<Project ToolsVersion="4.0" xmlns="http://schemas.microsoft.com/developer/msbuild/2003">
  <ItemGroup>
    <Filter Include="Source Files">
      <UniqueIdentifier>{4FC737F1-C7A5-4376-A066-2A32D752A2FF}</UniqueIdentifier>
      <Extensions>cpp;c;cc;cxx;def;odl;idl;hpj;bat;asm;asmx</Extensions>
    </Filter>
    <Filter Include="Header Files">
      <UniqueIdentifier>{93995380-89BD-4b04-88EB-625FBE52EBFB}</UniqueIdentifier>
      <Extensions>h;hh;hpp;hxx;hm;inl;inc;xsd</Extensions>
    </Filter>
    <Filter Include="Resource Files">
      <UniqueIdentifier>{67DA6AB6-F800-4c08-8B7A-83BB121AAD01}</UniqueIdentifier>
      <Extensions>rc;ico;cur;bmp;dlg;rc2;rct;bin;rgs;gif;jpg;jpeg;jpe;resx;tiff;tif;png;wav;mfcribbon-ms</Extensions>
    </Filter>
  </ItemGroup>
  <ItemGroup>
    <ClCompile Include="Source\lapi.c">
      <Filter>Source Files</Filter>
    </ClCompile>
    <ClCompile Include="Source\lauxlib.c">
      <Filter>Source Files</Filter>
    </ClCompile>
    <ClCompile Include="Source\lbaselib.c">
      <Filter>Source Files</Filter>
    </ClCompile>
    <ClCompile Include="Source\lbitlib.c">
      <Filter>Source Files</Filter>
    </ClCompile>
    <ClCompile Include="Source\lcode.c">
      <Filter>Source Files</Filter>
    </ClCompile>
    <ClCompile Include="Source\lcorolib.c">
      <Filter>Source Files</Filter>
    </ClCompile>
    <ClCompile Include="Source\lctype.c">
      <Filter>Source Files</Filter>
    </ClCompile>
    <ClCompile Include="Source\ldblib.c">
      <Filter>Source Files</Filter>
    </ClCompile>
    <ClCompile Include="Source\ldebug.c">
      <Filter>Source Files</Filter>
    </ClCompile>
    <ClCompile Include="Source\ldo.c">
      <Filter>Source Files</Filter>
    </ClCompile>
    <ClCompile Include="Source\ldump.c">
      <Filter>Source Files</Filter>
    </ClCompile>
    <ClCompile Include="Source\lfunc.c">
      <Filter>Source Files</Filter>
    </ClCompile>
    <ClCompile Include="Source\lgc.c">
      <Filter>Source Files</Filter>
    </ClCompile>
    <ClCompile Include="Source\linit.c">
      <Filter>Source Files</Filter>
    </ClCompile>
    <ClCompile Include="Source\liolib.c">
      <Filter>Source Files</Filter>
    </ClCompile>
    <ClCompile Include="Source\llex.c">
      <Filter>Source Files</Filter>
    </ClCompile>
    <ClCompile Include="Source\lmathlib.c">
      <Filter>Source Files</Filter>
    </ClCompile>
    <ClCompile Include="Source\lmem.c">
      <Filter>Source Files</Filter>
    </ClCompile>
    <ClCompile Include="Source\loadlib.c">
      <Filter>Source Files</Filter>
    </ClCompile>
    <ClCompile Include="Source\lobject.c">
      <Filter>Source Files</Filter>
    </ClCompile>
    <ClCompile Include="Source\lopcodes.c">
      <Filter>Source Files</Filter>
    </ClCompile>
    <ClCompile Include="Source\loslib.c">
      <Filter>Source Files</Filter>
    </ClCompile>
    <ClCompile Include="Source\lparser.c">
      <Filter>Source Files</Filter>
    </ClCompile>
    <ClCompile Include="Source\lstate.c">
      <Filter>Source Files</Filter>
    </ClCompile>
    <ClCompile Include="Source\lstring.c">
      <Filter>Source Files</Filter>
    </ClCompile>
    <ClCompile Include="Source\lstrlib.c">
      <Filter>Source Files</Filter>
    </ClCompile>
    <ClCompile Include="Source\ltable.c">
      <Filter>Source Files</Filter>
    </ClCompile>
    <ClCompile Include="Source\ltablib.c">
      <Filter>Source Files</Filter>
    </ClCompile>
    <ClCompile Include="Source\ltm.c">
      <Filter>Source Files</Filter>
    </ClCompile>
    <ClCompile Include="Source\lua.c">
      <Filter>Source Files</Filter>
    </ClCompile>
    <ClCompile Include="Source\lundump.c">
      <Filter>Source Files</Filter>
    </ClCompile>
    <ClCompile Include="Source\lutf8lib.c">
      <Filter>Source Files</Filter>
    </ClCompile>
    <ClCompile Include="Source\lvm.c">
      <Filter>Source Files</Filter>
    </ClCompile>
    <ClCompile Include="Source\lzio.c">
      <Filter>Source Files</Filter>
    </ClCompile>
  </ItemGroup>
  <ItemGroup>
    <ClInclude Include="Source\lapi.h">
      <Filter>Header Files</Filter>
    </ClInclude>
    <ClInclude Include="Source\lauxlib.h">
      <Filter>Header Files</Filter>
    </ClInclude>
    <ClInclude Include="Source\lcode.h">
      <Filter>Header Files</Filter>
    </ClInclude>
    <ClInclude Include="Source\lctype.h">
      <Filter>Header Files</Filter>
    </ClInclude>
    <ClInclude Include="Source\ldebug.h">
      <Filter>Header Files</Filter>
    </ClInclude>
    <ClInclude Include="Source\ldo.h">
      <Filter>Header Files</Filter>
    </ClInclude>
    <ClInclude Include="Source\lfunc.h">
      <Filter>Header Files</Filter>
    </ClInclude>
    <ClInclude Include="Source\lgc.h">
      <Filter>Header Files</Filter>
    </ClInclude>
    <ClInclude Include="Source\llex.h">
      <Filter>Header Files</Filter>
    </ClInclude>
    <ClInclude Include="Source\llimits.h">
      <Filter>Header Files</Filter>
    </ClInclude>
    <ClInclude Include="Source\lmem.h">
      <Filter>Header Files</Filter>
    </ClInclude>
    <ClInclude Include="Source\lobject.h">
      <Filter>Header Files</Filter>
    </ClInclude>
    <ClInclude Include="Source\lopcodes.h">
      <Filter>Header Files</Filter>
    </ClInclude>
    <ClInclude Include="Source\lparser.h">
      <Filter>Header Files</Filter>
    </ClInclude>
    <ClInclude Include="Source\lprefix.h">
      <Filter>Header Files</Filter>
    </ClInclude>
    <ClInclude Include="Source\lstate.h">
      <Filter>Header Files</Filter>
    </ClInclude>
    <ClInclude Include="Source\lstring.h">
      <Filter>Header Files</Filter>
    </ClInclude>
    <ClInclude Include="Source\ltable.h">
      <Filter>Header Files</Filter>
    </ClInclude>
    <ClInclude Include="Source\ltm.h">
      <Filter>Header Files</Filter>
    </ClInclude>
    <ClInclude Include="Source\lua.h">
      <Filter>Header Files</Filter>
    </ClInclude>
    <ClInclude Include="Source\lua.hpp">
      <Filter>Header Files</Filter>
    </ClInclude>
    <ClInclude Include="Source\luaconf.h">
      <Filter>Header Files</Filter>
    </ClInclude>
    <ClInclude Include="Source\lualib.h">
      <Filter>Header Files</Filter>
    </ClInclude>
    <ClInclude Include="Source\lundump.h">
      <Filter>Header Files</Filter>
    </ClInclude>
    <ClInclude Include="Source\lvm.h">
      <Filter>Header Files</Filter>
    </ClInclude>
    <ClInclude Include="Source\lzio.h">
      <Filter>Header Files</Filter>
    </ClInclude>
  </ItemGroup>
  <ItemGroup>
    <None Include="Source\Makefile" />
  </ItemGroup>
</Project>