<?xml version="1.0" encoding="utf-8"?>
<Project ToolsVersion="4.0" xmlns="http://schemas.microsoft.com/developer/msbuild/2003">
  <ItemGroup>
    <Filter Include="Shapes">
      <UniqueIdentifier>{2212ba01-f4e7-4b22-a5f2-fd68a1c62180}</UniqueIdentifier>
    </Filter>
    <Filter Include="Shapes\Public">
      <UniqueIdentifier>{6b14bd2f-c183-4167-979d-915a1152de51}</UniqueIdentifier>
    </Filter>
    <Filter Include="Shapes\Private">
      <UniqueIdentifier>{64e61a03-0ffe-4ef0-b85b-97ccd1e1df25}</UniqueIdentifier>
    </Filter>
    <Filter Include="Constructions">
      <UniqueIdentifier>{b9d35fa6-5c27-4055-a9e3-094e0ec475a1}</UniqueIdentifier>
    </Filter>
    <Filter Include="Constructions\Private">
      <UniqueIdentifier>{5313827f-e981-4368-b0ce-5b4575659314}</UniqueIdentifier>
    </Filter>
    <Filter Include="Constructions\Public">
      <UniqueIdentifier>{bbf88eb2-62d5-4e29-9a39-f86586d58060}</UniqueIdentifier>
    </Filter>
    <Filter Include="Medium">
      <UniqueIdentifier>{ac1b64a6-5eb2-4898-9b81-a2c1c717507a}</UniqueIdentifier>
    </Filter>
    <Filter Include="Medium\Private">
      <UniqueIdentifier>{24602700-606e-4207-b223-ddfdc7ab1f1c}</UniqueIdentifier>
    </Filter>
    <Filter Include="Medium\Public">
      <UniqueIdentifier>{dbdd35a2-96e5-4f19-befe-69cdba05490d}</UniqueIdentifier>
    </Filter>
    <Filter Include="ElectromagneticForces">
      <UniqueIdentifier>{9aec74f3-6b0f-4ef5-85f2-3f879b07541a}</UniqueIdentifier>
    </Filter>
    <Filter Include="ElectromagneticForces\Public">
      <UniqueIdentifier>{d5e33753-1877-4af5-9c3c-b894b944db3e}</UniqueIdentifier>
    </Filter>
    <Filter Include="ElectromagneticForces\Private">
      <UniqueIdentifier>{bfbb864e-af0c-4f59-b3c1-3c131c37c791}</UniqueIdentifier>
    </Filter>
    <Filter Include="Michelangelo">
      <UniqueIdentifier>{b6485b28-e6ac-495d-a1bc-ecdb34690863}</UniqueIdentifier>
    </Filter>
    <Filter Include="Michelangelo\Private">
      <UniqueIdentifier>{a5034c4e-79fe-41fe-a0b7-b519e2dc5595}</UniqueIdentifier>
    </Filter>
    <Filter Include="Michelangelo\Public">
      <UniqueIdentifier>{a161dc86-dcf7-4b09-9b9f-a4bdd5d16c97}</UniqueIdentifier>
    </Filter>
  </ItemGroup>
  <ItemGroup>
    <ClInclude Include="Source\Point.h">
      <Filter>Constructions\Public</Filter>
    </ClInclude>
    <ClInclude Include="Source\Ray.h">
      <Filter>Constructions\Public</Filter>
    </ClInclude>
    <ClInclude Include="Source\Vector.h">
      <Filter>Constructions\Public</Filter>
    </ClInclude>
    <ClInclude Include="Source\Shape.h">
      <Filter>Shapes\Public</Filter>
    </ClInclude>
    <ClInclude Include="Source\Inlines.h">
      <Filter>Constructions\Public</Filter>
    </ClInclude>
    <ClInclude Include="Source\Normal.h">
      <Filter>Constructions\Public</Filter>
    </ClInclude>
    <ClInclude Include="Source\Sphere.h">
      <Filter>Shapes\Public</Filter>
    </ClInclude>
    <ClInclude Include="Source\Transform.h">
      <Filter>Constructions\Public</Filter>
    </ClInclude>
    <ClInclude Include="Source\BoundingBox.h">
      <Filter>Constructions\Public</Filter>
    </ClInclude>
    <ClInclude Include="Source\Matrix4x4.h">
      <Filter>Constructions\Public</Filter>
    </ClInclude>
    <ClInclude Include="Source\Quaternion.h">
      <Filter>Constructions\Public</Filter>
    </ClInclude>
    <ClInclude Include="Source\Camera.h">
      <Filter>Medium\Public</Filter>
    </ClInclude>
    <ClInclude Include="Source\Renderer.h">
      <Filter>Medium\Public</Filter>
    </ClInclude>
    <ClInclude Include="Source\Color.h">
      <Filter>ElectromagneticForces\Public</Filter>
    </ClInclude>
    <ClInclude Include="Source\Primitive.h">
      <Filter>Constructions\Public</Filter>
    </ClInclude>
    <ClInclude Include="Source\TriangleMesh.h">
      <Filter>Shapes\Public</Filter>
    </ClInclude>
    <ClInclude Include="Source\ObjLoader.h">
      <Filter>Michelangelo\Public</Filter>
    </ClInclude>
    <ClInclude Include="Source\QualityDesc.h">
      <Filter>Medium\Public</Filter>
    </ClInclude>
    <ClInclude Include="Source\PathRenderer.h">
      <Filter>Medium\Public</Filter>
    </ClInclude>
    <ClInclude Include="Source\RayRenderer.h">
      <Filter>Medium\Public</Filter>
    </ClInclude>
    <ClInclude Include="Source\SpaceDivision.h">
      <Filter>Constructions\Private</Filter>
    </ClInclude>
    <ClInclude Include="Source\KDTree.h">
      <Filter>Constructions\Public</Filter>
    </ClInclude>
  </ItemGroup>
  <ItemGroup>
    <ClCompile Include="Source\Point.cpp">
      <Filter>Constructions\Private</Filter>
    </ClCompile>
    <ClCompile Include="Source\Vector.cpp">
      <Filter>Constructions\Private</Filter>
    </ClCompile>
    <ClCompile Include="Source\Ray.cpp">
      <Filter>Constructions\Private</Filter>
    </ClCompile>
    <ClCompile Include="Source\Shape.cpp">
      <Filter>Shapes\Private</Filter>
    </ClCompile>
    <ClCompile Include="Source\Normal.cpp">
      <Filter>Constructions\Private</Filter>
    </ClCompile>
    <ClCompile Include="Source\Sphere.cpp">
      <Filter>Shapes\Private</Filter>
    </ClCompile>
    <ClCompile Include="Source\Transform.cpp">
      <Filter>Constructions\Private</Filter>
    </ClCompile>
    <ClCompile Include="Source\BoundingBox.cpp">
      <Filter>Constructions\Private</Filter>
    </ClCompile>
    <ClCompile Include="Source\Matrix4x4.cpp">
      <Filter>Constructions\Private</Filter>
    </ClCompile>
    <ClCompile Include="Source\Quaternion.cpp">
      <Filter>Constructions\Private</Filter>
    </ClCompile>
    <ClCompile Include="Source\Camera.cpp">
      <Filter>Medium\Private</Filter>
    </ClCompile>
    <ClCompile Include="Source\Renderer.cpp">
      <Filter>Medium\Private</Filter>
    </ClCompile>
    <ClCompile Include="Source\Color.cpp">
      <Filter>ElectromagneticForces\Private</Filter>
    </ClCompile>
    <ClCompile Include="Source\Primitive.cpp">
      <Filter>Constructions\Private</Filter>
    </ClCompile>
    <ClCompile Include="Source\TriangleMesh.cpp">
      <Filter>Shapes\Private</Filter>
    </ClCompile>
    <ClCompile Include="Source\ObjLoader.cpp">
      <Filter>Michelangelo\Private</Filter>
    </ClCompile>
    <ClCompile Include="Source\Tracer.cpp" />
    <ClCompile Include="Source\PathRenderer.cpp">
      <Filter>Medium\Private</Filter>
    </ClCompile>
    <ClCompile Include="Source\RayRenderer.cpp">
      <Filter>Medium\Private</Filter>
    </ClCompile>
    <ClCompile Include="Source\SpaceDivision.cpp">
      <Filter>Constructions\Public</Filter>
    </ClCompile>
    <ClCompile Include="Source\KDTree.cpp">
      <Filter>Constructions\Private</Filter>
    </ClCompile>
  </ItemGroup>
</Project>