<?xml version="1.0" encoding="utf-8"?>
<Project ToolsVersion="4.0" xmlns="http://schemas.microsoft.com/developer/msbuild/2003">
  <ItemGroup>
    <Filter Include="Shapes">
      <UniqueIdentifier>{2212ba01-f4e7-4b22-a5f2-fd68a1c62180}</UniqueIdentifier>
    </Filter>
    <Filter Include="Shapes\Public">
      <UniqueIdentifier>{6b14bd2f-c183-4167-979d-915a1152de51}</UniqueIdentifier>
    </Filter>
    <Filter Include="Shapes\Private">
      <UniqueIdentifier>{64e61a03-0ffe-4ef0-b85b-97ccd1e1df25}</UniqueIdentifier>
    </Filter>
    <Filter Include="Constructions">
      <UniqueIdentifier>{b9d35fa6-5c27-4055-a9e3-094e0ec475a1}</UniqueIdentifier>
    </Filter>
    <Filter Include="Constructions\Private">
      <UniqueIdentifier>{5313827f-e981-4368-b0ce-5b4575659314}</UniqueIdentifier>
    </Filter>
    <Filter Include="Constructions\Public">
      <UniqueIdentifier>{bbf88eb2-62d5-4e29-9a39-f86586d58060}</UniqueIdentifier>
    </Filter>
    <Filter Include="Medium">
      <UniqueIdentifier>{ac1b64a6-5eb2-4898-9b81-a2c1c717507a}</UniqueIdentifier>
    </Filter>
    <Filter Include="Medium\Private">
      <UniqueIdentifier>{24602700-606e-4207-b223-ddfdc7ab1f1c}</UniqueIdentifier>
    </Filter>
    <Filter Include="Medium\Public">
      <UniqueIdentifier>{dbdd35a2-96e5-4f19-befe-69cdba05490d}</UniqueIdentifier>
    </Filter>
  </ItemGroup>
  <ItemGroup>
    <ClInclude Include="Source\Point.h">
      <Filter>Constructions\Public</Filter>
    </ClInclude>
    <ClInclude Include="Source\Ray.h">
      <Filter>Constructions\Public</Filter>
    </ClInclude>
    <ClInclude Include="Source\Vector.h">
      <Filter>Constructions\Public</Filter>
    </ClInclude>
    <ClInclude Include="Source\Shape.h">
      <Filter>Shapes\Public</Filter>
    </ClInclude>
    <ClInclude Include="Source\Inlines.h">
      <Filter>Constructions\Public</Filter>
    </ClInclude>
    <ClInclude Include="Source\Normal.h">
      <Filter>Constructions\Public</Filter>
    </ClInclude>
    <ClInclude Include="Source\Sphere.h">
      <Filter>Shapes\Public</Filter>
    </ClInclude>
    <ClInclude Include="Source\Transform.h">
      <Filter>Constructions\Public</Filter>
    </ClInclude>
    <ClInclude Include="Source\BoundingBox.h">
      <Filter>Constructions\Public</Filter>
    </ClInclude>
    <ClInclude Include="Source\Camera.h">
      <Filter>Medium\Private</Filter>
    </ClInclude>
  </ItemGroup>
  <ItemGroup>
    <ClCompile Include="Source\Point.cpp">
      <Filter>Constructions\Private</Filter>
    </ClCompile>
    <ClCompile Include="Source\Vector.cpp">
      <Filter>Constructions\Private</Filter>
    </ClCompile>
    <ClCompile Include="Source\Ray.cpp">
      <Filter>Constructions\Private</Filter>
    </ClCompile>
    <ClCompile Include="Source\Shape.cpp">
      <Filter>Shapes\Private</Filter>
    </ClCompile>
    <ClCompile Include="Source\Normal.cpp">
      <Filter>Constructions\Private</Filter>
    </ClCompile>
    <ClCompile Include="Source\RayTracer.cpp" />
    <ClCompile Include="Source\Sphere.cpp">
      <Filter>Shapes\Private</Filter>
    </ClCompile>
    <ClCompile Include="Source\Transform.cpp">
      <Filter>Constructions\Private</Filter>
    </ClCompile>
    <ClCompile Include="Source\BoundingBox.cpp">
      <Filter>Constructions\Private</Filter>
    </ClCompile>
    <ClCompile Include="Source\Camera.cpp">
      <Filter>Medium\Public</Filter>
    </ClCompile>
  </ItemGroup>
</Project>